
Microsoft Visual Studio Solution File, Format Version 12.00
# Visual Studio Version 17
VisualStudioVersion = 17.2.32519.379
MinimumVisualStudioVersion = 10.0.40219.1
Project("{FAE04EC0-301F-11D3-BF4B-00C04F79EFBC}") = "BMI Calculator", "BMI Calculator\BMI Calculator.csproj", "{A9BA22AE-F80E-479A-B21C-ADFADC015FAA}"
EndProject
Global
	GlobalSection(SolutionConfigurationPlatforms) = preSolution
		Debug|Any CPU = Debug|Any CPU
		Release|Any CPU = Release|Any CPU
	EndGlobalSection
	GlobalSection(ProjectConfigurationPlatforms) = postSolution
		{A9BA22AE-F80E-479A-B21C-ADFADC015FAA}.Debug|Any CPU.ActiveCfg = Debug|Any CPU
		{A9BA22AE-F80E-479A-B21C-ADFADC015FAA}.Debug|Any CPU.Build.0 = Debug|Any CPU
		{A9BA22AE-F80E-479A-B21C-ADFADC015FAA}.Release|Any CPU.ActiveCfg = Release|Any CPU
		{A9BA22AE-F80E-479A-B21C-ADFADC015FAA}.Release|Any CPU.Build.0 = Release|Any CPU
	EndGlobalSection
	GlobalSection(SolutionProperties) = preSolution
		HideSolutionNode = FALSE
	EndGlobalSection
	GlobalSection(ExtensibilityGlobals) = postSolution
		SolutionGuid = {BBA6B170-F555-4382-ACEA-91B6BD5C9A05}
	EndGlobalSection
EndGlobal
